
Microsoft Visual Studio Solution File, Format Version 12.00
# Visual Studio 14
VisualStudioVersion = 14.0.25420.1
MinimumVisualStudioVersion = 10.0.40219.1
Project("{FAE04EC0-301F-11D3-BF4B-00C04F79EFBC}") = "Profiling.Serilog", "MiniProfiler.Serilog\Profiling.Serilog.csproj", "{263F3788-4409-4EFE-BAF6-5670B70FF3BB}"
EndProject
Project("{FAE04EC0-301F-11D3-BF4B-00C04F79EFBC}") = "Profiling.Serilog.Tests", "Profiling.Serilog.Tests\Profiling.Serilog.Tests.csproj", "{308BCCF4-BC32-4CBE-801F-E082DEA97F78}"
EndProject
Project("{2150E333-8FDC-42A3-9474-1A3956D46DE8}") = "Solution Items", "Solution Items", "{A500CB56-EF6A-481B-AB6D-8083757E1C76}"
	ProjectSection(SolutionItems) = preProject
		Profiling.Serilog.nuspec = Profiling.Serilog.nuspec
		README.md = README.md
	EndProjectSection
EndProject
Global
	GlobalSection(SolutionConfigurationPlatforms) = preSolution
		Debug|Any CPU = Debug|Any CPU
		Release|Any CPU = Release|Any CPU
	EndGlobalSection
	GlobalSection(ProjectConfigurationPlatforms) = postSolution
		{263F3788-4409-4EFE-BAF6-5670B70FF3BB}.Debug|Any CPU.ActiveCfg = Debug|Any CPU
		{263F3788-4409-4EFE-BAF6-5670B70FF3BB}.Debug|Any CPU.Build.0 = Debug|Any CPU
		{263F3788-4409-4EFE-BAF6-5670B70FF3BB}.Release|Any CPU.ActiveCfg = Release|Any CPU
		{263F3788-4409-4EFE-BAF6-5670B70FF3BB}.Release|Any CPU.Build.0 = Release|Any CPU
		{308BCCF4-BC32-4CBE-801F-E082DEA97F78}.Debug|Any CPU.ActiveCfg = Debug|Any CPU
		{308BCCF4-BC32-4CBE-801F-E082DEA97F78}.Debug|Any CPU.Build.0 = Debug|Any CPU
		{308BCCF4-BC32-4CBE-801F-E082DEA97F78}.Release|Any CPU.ActiveCfg = Release|Any CPU
		{308BCCF4-BC32-4CBE-801F-E082DEA97F78}.Release|Any CPU.Build.0 = Release|Any CPU
	EndGlobalSection
	GlobalSection(SolutionProperties) = preSolution
		HideSolutionNode = FALSE
	EndGlobalSection
EndGlobal
